
Microsoft Visual Studio Solution File, Format Version 12.00
# Visual Studio Version 17
VisualStudioVersion = 17.5.33424.131
MinimumVisualStudioVersion = 10.0.40219.1
Project("{FAE04EC0-301F-11D3-BF4B-00C04F79EFBC}") = "WebApplication1", "WebApplication1\WebApplication1.csproj", "{B5568D8D-60FF-4A15-848C-3F51CC82064C}"
EndProject
Global
	GlobalSection(SolutionConfigurationPlatforms) = preSolution
		Debug|Any CPU = Debug|Any CPU
		Release|Any CPU = Release|Any CPU
	EndGlobalSection
	GlobalSection(ProjectConfigurationPlatforms) = postSolution
		{B5568D8D-60FF-4A15-848C-3F51CC82064C}.Debug|Any CPU.ActiveCfg = Debug|Any CPU
		{B5568D8D-60FF-4A15-848C-3F51CC82064C}.Debug|Any CPU.Build.0 = Debug|Any CPU
		{B5568D8D-60FF-4A15-848C-3F51CC82064C}.Release|Any CPU.ActiveCfg = Release|Any CPU
		{B5568D8D-60FF-4A15-848C-3F51CC82064C}.Release|Any CPU.Build.0 = Release|Any CPU
	EndGlobalSection
	GlobalSection(SolutionProperties) = preSolution
		HideSolutionNode = FALSE
	EndGlobalSection
	GlobalSection(ExtensibilityGlobals) = postSolution
		SolutionGuid = {E969A4B5-A6C6-4978-B97A-54C64CF2CA9E}
	EndGlobalSection
EndGlobal
